
Microsoft Visual Studio Solution File, Format Version 12.00
# Visual Studio 15
VisualStudioVersion = 15.0.26124.0
MinimumVisualStudioVersion = 15.0.26124.0
Project("{FAE04EC0-301F-11D3-BF4B-00C04F79EFBC}") = "DiscordBot", "DiscordBot\DiscordBot.csproj", "{A376339F-5B40-475D-A05D-2706EE239047}"
EndProject
Project("{FAE04EC0-301F-11D3-BF4B-00C04F79EFBC}") = "DiscordBot.NUnit.Tests", "DiscordBot.NUnit.Tests\DiscordBot.NUnit.Tests.csproj", "{21698836-EC7F-408D-824B-D453984814DB}"
EndProject
Global
	GlobalSection(SolutionConfigurationPlatforms) = preSolution
		Debug|Any CPU = Debug|Any CPU
		Debug|x64 = Debug|x64
		Debug|x86 = Debug|x86
		Release|Any CPU = Release|Any CPU
		Release|x64 = Release|x64
		Release|x86 = Release|x86
	EndGlobalSection
	GlobalSection(SolutionProperties) = preSolution
		HideSolutionNode = FALSE
	EndGlobalSection
	GlobalSection(ProjectConfigurationPlatforms) = postSolution
		{A376339F-5B40-475D-A05D-2706EE239047}.Debug|Any CPU.ActiveCfg = Debug|Any CPU
		{A376339F-5B40-475D-A05D-2706EE239047}.Debug|Any CPU.Build.0 = Debug|Any CPU
		{A376339F-5B40-475D-A05D-2706EE239047}.Debug|x64.ActiveCfg = Debug|Any CPU
		{A376339F-5B40-475D-A05D-2706EE239047}.Debug|x64.Build.0 = Debug|Any CPU
		{A376339F-5B40-475D-A05D-2706EE239047}.Debug|x86.ActiveCfg = Debug|Any CPU
		{A376339F-5B40-475D-A05D-2706EE239047}.Debug|x86.Build.0 = Debug|Any CPU
		{A376339F-5B40-475D-A05D-2706EE239047}.Release|Any CPU.ActiveCfg = Release|Any CPU
		{A376339F-5B40-475D-A05D-2706EE239047}.Release|Any CPU.Build.0 = Release|Any CPU
		{A376339F-5B40-475D-A05D-2706EE239047}.Release|x64.ActiveCfg = Release|Any CPU
		{A376339F-5B40-475D-A05D-2706EE239047}.Release|x64.Build.0 = Release|Any CPU
		{A376339F-5B40-475D-A05D-2706EE239047}.Release|x86.ActiveCfg = Release|Any CPU
		{A376339F-5B40-475D-A05D-2706EE239047}.Release|x86.Build.0 = Release|Any CPU
		{21698836-EC7F-408D-824B-D453984814DB}.Debug|Any CPU.ActiveCfg = Debug|Any CPU
		{21698836-EC7F-408D-824B-D453984814DB}.Debug|Any CPU.Build.0 = Debug|Any CPU
		{21698836-EC7F-408D-824B-D453984814DB}.Debug|x64.ActiveCfg = Debug|Any CPU
		{21698836-EC7F-408D-824B-D453984814DB}.Debug|x64.Build.0 = Debug|Any CPU
		{21698836-EC7F-408D-824B-D453984814DB}.Debug|x86.ActiveCfg = Debug|Any CPU
		{21698836-EC7F-408D-824B-D453984814DB}.Debug|x86.Build.0 = Debug|Any CPU
		{21698836-EC7F-408D-824B-D453984814DB}.Release|Any CPU.ActiveCfg = Release|Any CPU
		{21698836-EC7F-408D-824B-D453984814DB}.Release|Any CPU.Build.0 = Release|Any CPU
		{21698836-EC7F-408D-824B-D453984814DB}.Release|x64.ActiveCfg = Release|Any CPU
		{21698836-EC7F-408D-824B-D453984814DB}.Release|x64.Build.0 = Release|Any CPU
		{21698836-EC7F-408D-824B-D453984814DB}.Release|x86.ActiveCfg = Release|Any CPU
		{21698836-EC7F-408D-824B-D453984814DB}.Release|x86.Build.0 = Release|Any CPU
	EndGlobalSection
EndGlobal
